
Microsoft Visual Studio Solution File, Format Version 12.00
# Visual Studio Version 16
VisualStudioVersion = 16.0.31105.61
MinimumVisualStudioVersion = 10.0.40219.1
Project("{FAE04EC0-301F-11D3-BF4B-00C04F79EFBC}") = "compipascal2", "compipascal2.csproj", "{B46D0C92-9088-4931-88EF-2D0D0ACF65CA}"
EndProject
Global
	GlobalSection(SolutionConfigurationPlatforms) = preSolution
		Debug|Any CPU = Debug|Any CPU
		Release|Any CPU = Release|Any CPU
	EndGlobalSection
	GlobalSection(ProjectConfigurationPlatforms) = postSolution
		{B46D0C92-9088-4931-88EF-2D0D0ACF65CA}.Debug|Any CPU.ActiveCfg = Debug|Any CPU
		{B46D0C92-9088-4931-88EF-2D0D0ACF65CA}.Debug|Any CPU.Build.0 = Debug|Any CPU
		{B46D0C92-9088-4931-88EF-2D0D0ACF65CA}.Release|Any CPU.ActiveCfg = Release|Any CPU
		{B46D0C92-9088-4931-88EF-2D0D0ACF65CA}.Release|Any CPU.Build.0 = Release|Any CPU
	EndGlobalSection
	GlobalSection(SolutionProperties) = preSolution
		HideSolutionNode = FALSE
	EndGlobalSection
	GlobalSection(ExtensibilityGlobals) = postSolution
		SolutionGuid = {99257C0D-1076-45F9-947D-46BD5F12D5D9}
	EndGlobalSection
EndGlobal
